
Microsoft Visual Studio Solution File, Format Version 12.00
# Visual Studio 14
VisualStudioVersion = 14.0.24720.0
MinimumVisualStudioVersion = 10.0.40219.1
Project("{2150E333-8FDC-42A3-9474-1A3956D46DE8}") = "09. Libraries", "09. Libraries", "{B6D4AE66-37FA-44F5-836D-3FC5455454FC}"
EndProject
Project("{2150E333-8FDC-42A3-9474-1A3956D46DE8}") = "01. Proxies", "01. Proxies", "{BB962550-4A5C-422B-AE42-649D2401B325}"
EndProject
Project("{2150E333-8FDC-42A3-9474-1A3956D46DE8}") = "02. Services", "02. Services", "{C4787FF6-D6E5-48AC-9301-480F75B4456B}"
EndProject
Project("{2150E333-8FDC-42A3-9474-1A3956D46DE8}") = "03. BusinessObjects", "03. BusinessObjects", "{0BFCD6CD-564F-4791-B9B5-F2927DCD0822}"
EndProject
Project("{2150E333-8FDC-42A3-9474-1A3956D46DE8}") = "04. Repositories", "04. Repositories", "{42BF0236-E9A1-46BD-8665-FEB5E90FF451}"
EndProject
Project("{2150E333-8FDC-42A3-9474-1A3956D46DE8}") = "05. DataAccess", "05. DataAccess", "{4F6979D9-47F5-4EE8-8CA2-443F3E27C17E}"
EndProject
Project("{2150E333-8FDC-42A3-9474-1A3956D46DE8}") = "06. Contracts", "06. Contracts", "{019BCD3B-B9B3-4464-85E8-D6D08F22B7D3}"
EndProject
Project("{2150E333-8FDC-42A3-9474-1A3956D46DE8}") = "07. Core", "07. Core", "{43DA4AF9-EC16-4E73-98D2-D929543A85DA}"
EndProject
Project("{2150E333-8FDC-42A3-9474-1A3956D46DE8}") = "08. Entities", "08. Entities", "{F48CAD82-8141-491F-B783-987DD0CDE797}"
EndProject
Project("{2150E333-8FDC-42A3-9474-1A3956D46DE8}") = "01. T4", "01. T4", "{B559203E-D5AB-4748-BA40-9842842B620D}"
EndProject
Project("{2150E333-8FDC-42A3-9474-1A3956D46DE8}") = "01. EntityFramework", "01. EntityFramework", "{A9AD88DE-060D-4CCA-A66F-0121C05831EB}"
EndProject
Project("{2150E333-8FDC-42A3-9474-1A3956D46DE8}") = "01. CodeFirst", "01. CodeFirst", "{CF012047-B204-471F-81C4-4D4FDD273D3C}"
	ProjectSection(SolutionItems) = preProject
		..\T4\EntityFramework\CodeFirst\FiveWattGroup.EF.CodeFirst.ttinclude = ..\T4\EntityFramework\CodeFirst\FiveWattGroup.EF.CodeFirst.ttinclude
		..\T4\EntityFramework\CodeFirst\FiveWattGroup.EF.Core.ttinclude = ..\T4\EntityFramework\CodeFirst\FiveWattGroup.EF.Core.ttinclude
		..\T4\EntityFramework\CodeFirst\ReadMe.txt = ..\T4\EntityFramework\CodeFirst\ReadMe.txt
		..\T4\EntityFramework\CodeFirst\Template.tt = ..\T4\EntityFramework\CodeFirst\Template.tt
	EndProjectSection
EndProject
Project("{2150E333-8FDC-42A3-9474-1A3956D46DE8}") = "02. Tests", "02. Tests", "{4885C630-FB44-432B-91A7-C771ADE882B6}"
EndProject
Project("{2150E333-8FDC-42A3-9474-1A3956D46DE8}") = "01. UnitTests", "01. UnitTests", "{CCE32DA3-3C2C-4236-9268-73AF1E6C80DE}"
EndProject
Project("{2150E333-8FDC-42A3-9474-1A3956D46DE8}") = "02. IntegrationTests", "02. IntegrationTests", "{D16B1DEA-8E0D-4C90-A3D5-583E588609E1}"
EndProject
Project("{2150E333-8FDC-42A3-9474-1A3956D46DE8}") = "01. Implementations", "01. Implementations", "{9DF5283D-2DD9-481C-A888-BDF280452EA2}"
EndProject
Project("{2150E333-8FDC-42A3-9474-1A3956D46DE8}") = "02. Common", "02. Common", "{041EFCE0-DEC0-49F4-84DF-6AFC4253B87E}"
EndProject
Project("{2150E333-8FDC-42A3-9474-1A3956D46DE8}") = "03. Deployments", "03. Deployments", "{8B52CF85-E95B-4FE6-962A-A0E639F3F65E}"
EndProject
Project("{2150E333-8FDC-42A3-9474-1A3956D46DE8}") = "04. WebSites", "04. WebSites", "{981A7C0D-AEA0-40D2-8B0C-50383A81ED6B}"
EndProject
Project("{2150E333-8FDC-42A3-9474-1A3956D46DE8}") = "01. Internal", "01. Internal", "{59AB7AF8-10C5-4E13-9D00-2BA5537CC871}"
EndProject
Project("{2150E333-8FDC-42A3-9474-1A3956D46DE8}") = "02. External", "02. External", "{C25CAED9-1D60-48CB-A4FE-05307AD412AA}"
EndProject
Project("{2150E333-8FDC-42A3-9474-1A3956D46DE8}") = "05. Applications", "05. Applications", "{87E1141B-0525-4679-8304-55611EF64701}"
EndProject
Project("{2150E333-8FDC-42A3-9474-1A3956D46DE8}") = "01. Console", "01. Console", "{10B87E08-8CDF-4E1E-B787-16460B7368B4}"
EndProject
Project("{2150E333-8FDC-42A3-9474-1A3956D46DE8}") = "02. Windows", "02. Windows", "{38AC0C5A-3258-451A-B119-C91BD13C3D43}"
EndProject
Project("{2150E333-8FDC-42A3-9474-1A3956D46DE8}") = "06. Services", "06. Services", "{4BA54017-EA66-4DBB-AE05-C547ED960896}"
EndProject
Project("{2150E333-8FDC-42A3-9474-1A3956D46DE8}") = "01. WebApi", "01. WebApi", "{1AE4A0C1-3AB3-467D-A6DC-77BC071C3705}"
EndProject
Project("{2150E333-8FDC-42A3-9474-1A3956D46DE8}") = "08. Composition", "08. Composition", "{804B7053-700C-4B53-B533-A2E063B43520}"
EndProject
Project("{2150E333-8FDC-42A3-9474-1A3956D46DE8}") = "07. Diagnostics", "07. Diagnostics", "{3B5C8694-E951-4472-9C5F-9098F7806EF9}"
EndProject
Project("{FAE04EC0-301F-11D3-BF4B-00C04F79EFBC}") = "FiveWattGroup.Entities", "..\Libraries\Entities\FiveWattGroup.Entities\FiveWattGroup.Entities.csproj", "{9453740D-9FD4-43DD-BF70-AF16CA0EB34A}"
EndProject
Project("{FAE04EC0-301F-11D3-BF4B-00C04F79EFBC}") = "FiveWattGroup.Core", "..\Libraries\Core\FiveWattGroup.Core\FiveWattGroup.Core.csproj", "{9DDE957B-422E-4246-873A-23BFB6FBAC24}"
EndProject
Project("{FAE04EC0-301F-11D3-BF4B-00C04F79EFBC}") = "FiveWattGroup.Contracts", "..\Libraries\Contracts\FiveWattGroup.Contracts\FiveWattGroup.Contracts.csproj", "{7F38AF6A-4631-4966-8916-C205B4F36085}"
EndProject
Project("{FAE04EC0-301F-11D3-BF4B-00C04F79EFBC}") = "FiveWattGroup.DataAccess", "..\Libraries\DataAccess\FiveWattGroup.DataAccess\FiveWattGroup.DataAccess.csproj", "{1DC766AF-EA6B-4C04-A7DB-13F072043788}"
EndProject
Project("{FAE04EC0-301F-11D3-BF4B-00C04F79EFBC}") = "FiveWattGroup.Repositories.Crud", "..\Libraries\Repositories\FiveWattGroup.Repositories.Crud\FiveWattGroup.Repositories.Crud.csproj", "{1417BBCD-5189-46F4-89D5-5A68FF35F619}"
EndProject
Project("{FAE04EC0-301F-11D3-BF4B-00C04F79EFBC}") = "FiveWattGroup.BusinessObjects.Crud", "..\Libraries\BusinessObjects\FiveWattGroup.BusinessObjects.Crud\FiveWattGroup.BusinessObjects.Crud.csproj", "{0F632098-6F37-4780-9444-00DE822F9941}"
EndProject
Project("{FAE04EC0-301F-11D3-BF4B-00C04F79EFBC}") = "FiveWattGroup.Services.Common", "..\Libraries\Services\Common\FiveWattGroup.Services.Common\FiveWattGroup.Services.Common.csproj", "{F1570790-D60F-4811-A68A-D0E203728BCD}"
EndProject
Project("{FAE04EC0-301F-11D3-BF4B-00C04F79EFBC}") = "FiveWattGroup.Services.Configuration", "..\Libraries\Services\Implementations\FiveWattGroup.Services.Configuration\FiveWattGroup.Services.Configuration.csproj", "{47E05052-9C43-4CA0-B217-9DC7AD5AD41F}"
EndProject
Project("{FAE04EC0-301F-11D3-BF4B-00C04F79EFBC}") = "FiveWattGroup.Proxies", "..\Libraries\Proxies\FiveWattGroup.Proxies\FiveWattGroup.Proxies.csproj", "{7ED499D4-6F53-41AD-8E4E-42F484C81E52}"
EndProject
Project("{FAE04EC0-301F-11D3-BF4B-00C04F79EFBC}") = "FiveWattGroup.Diagnostics", "..\Diagnostics\FiveWattGroup.Diagnostics\FiveWattGroup.Diagnostics.csproj", "{6208E7CE-BC52-4805-B46D-14D4610BA9E7}"
EndProject
Project("{FAE04EC0-301F-11D3-BF4B-00C04F79EFBC}") = "FiveWattGroup.Composition", "..\Composition\FiveWattGroup.Composition\FiveWattGroup.Composition.csproj", "{7B4D9BCC-F33A-41C3-BA08-0D4E96D36D1B}"
EndProject
Project("{FAE04EC0-301F-11D3-BF4B-00C04F79EFBC}") = "FiveWattGroup.Services.Logging", "..\Libraries\Services\Implementations\FiveWattGroup.Services.Logging\FiveWattGroup.Services.Logging.csproj", "{11F7A598-F507-482E-B20A-00C9355968CA}"
EndProject
Project("{FAE04EC0-301F-11D3-BF4B-00C04F79EFBC}") = "FiveWattGroup.Services.WebApi.Configuration", "..\Services\WebApi\FiveWattGroup.Services.WebApi.Configuration\FiveWattGroup.Services.WebApi.Configuration.csproj", "{7EA67CD3-ED3E-4F9F-A5BB-655A5D37E476}"
EndProject
Project("{FAE04EC0-301F-11D3-BF4B-00C04F79EFBC}") = "FiveWattGroup.Services.WebApi.Logging", "..\Services\WebApi\FiveWattGroup.Services.WebApi.Logging\FiveWattGroup.Services.WebApi.Logging.csproj", "{5E7A4DED-C582-4C9D-9830-C7098808736A}"
EndProject
Project("{FAE04EC0-301F-11D3-BF4B-00C04F79EFBC}") = "FiveWattGroup.UnitTests", "..\Tests\UnitTests\FiveWattGroup.UnitTests\FiveWattGroup.UnitTests.csproj", "{7091C755-C538-4CD6-B0E5-85933E52D586}"
EndProject
Project("{FAE04EC0-301F-11D3-BF4B-00C04F79EFBC}") = "FiveWattGroup.IntegrationTests", "..\Tests\IntegrationTests\FiveWattGroup.IntegrationTests\FiveWattGroup.IntegrationTests.csproj", "{D882DF9B-D4BD-4013-BC0E-57FCD95FFD72}"
EndProject
Project("{FAE04EC0-301F-11D3-BF4B-00C04F79EFBC}") = "FiveWattGroup.Console.TestConsole", "..\Applications\Console\FiveWattGroup.Console.TestConsole\FiveWattGroup.Console.TestConsole.csproj", "{56F07329-4CD7-49A1-920C-53C0DD26FACC}"
EndProject
Project("{2150E333-8FDC-42A3-9474-1A3956D46DE8}") = "10. Framework", "10. Framework", "{C3A7285B-FE2B-4F38-B718-5C3A366DEC1F}"
EndProject
Project("{FAE04EC0-301F-11D3-BF4B-00C04F79EFBC}") = "FiveWattGroup.Framework", "..\Framework\FiveWattGroup.Framework\FiveWattGroup.Framework.csproj", "{4E372FDA-F965-4E4B-BD40-A7CAA4DC70A3}"
EndProject
Global
	GlobalSection(SolutionConfigurationPlatforms) = preSolution
		Debug|Any CPU = Debug|Any CPU
		Release|Any CPU = Release|Any CPU
	EndGlobalSection
	GlobalSection(ProjectConfigurationPlatforms) = postSolution
		{9453740D-9FD4-43DD-BF70-AF16CA0EB34A}.Debug|Any CPU.ActiveCfg = Debug|Any CPU
		{9453740D-9FD4-43DD-BF70-AF16CA0EB34A}.Debug|Any CPU.Build.0 = Debug|Any CPU
		{9453740D-9FD4-43DD-BF70-AF16CA0EB34A}.Release|Any CPU.ActiveCfg = Release|Any CPU
		{9453740D-9FD4-43DD-BF70-AF16CA0EB34A}.Release|Any CPU.Build.0 = Release|Any CPU
		{9DDE957B-422E-4246-873A-23BFB6FBAC24}.Debug|Any CPU.ActiveCfg = Debug|Any CPU
		{9DDE957B-422E-4246-873A-23BFB6FBAC24}.Debug|Any CPU.Build.0 = Debug|Any CPU
		{9DDE957B-422E-4246-873A-23BFB6FBAC24}.Release|Any CPU.ActiveCfg = Release|Any CPU
		{9DDE957B-422E-4246-873A-23BFB6FBAC24}.Release|Any CPU.Build.0 = Release|Any CPU
		{7F38AF6A-4631-4966-8916-C205B4F36085}.Debug|Any CPU.ActiveCfg = Debug|Any CPU
		{7F38AF6A-4631-4966-8916-C205B4F36085}.Debug|Any CPU.Build.0 = Debug|Any CPU
		{7F38AF6A-4631-4966-8916-C205B4F36085}.Release|Any CPU.ActiveCfg = Release|Any CPU
		{7F38AF6A-4631-4966-8916-C205B4F36085}.Release|Any CPU.Build.0 = Release|Any CPU
		{1DC766AF-EA6B-4C04-A7DB-13F072043788}.Debug|Any CPU.ActiveCfg = Debug|Any CPU
		{1DC766AF-EA6B-4C04-A7DB-13F072043788}.Debug|Any CPU.Build.0 = Debug|Any CPU
		{1DC766AF-EA6B-4C04-A7DB-13F072043788}.Release|Any CPU.ActiveCfg = Release|Any CPU
		{1DC766AF-EA6B-4C04-A7DB-13F072043788}.Release|Any CPU.Build.0 = Release|Any CPU
		{1417BBCD-5189-46F4-89D5-5A68FF35F619}.Debug|Any CPU.ActiveCfg = Debug|Any CPU
		{1417BBCD-5189-46F4-89D5-5A68FF35F619}.Debug|Any CPU.Build.0 = Debug|Any CPU
		{1417BBCD-5189-46F4-89D5-5A68FF35F619}.Release|Any CPU.ActiveCfg = Release|Any CPU
		{1417BBCD-5189-46F4-89D5-5A68FF35F619}.Release|Any CPU.Build.0 = Release|Any CPU
		{0F632098-6F37-4780-9444-00DE822F9941}.Debug|Any CPU.ActiveCfg = Debug|Any CPU
		{0F632098-6F37-4780-9444-00DE822F9941}.Debug|Any CPU.Build.0 = Debug|Any CPU
		{0F632098-6F37-4780-9444-00DE822F9941}.Release|Any CPU.ActiveCfg = Release|Any CPU
		{0F632098-6F37-4780-9444-00DE822F9941}.Release|Any CPU.Build.0 = Release|Any CPU
		{F1570790-D60F-4811-A68A-D0E203728BCD}.Debug|Any CPU.ActiveCfg = Debug|Any CPU
		{F1570790-D60F-4811-A68A-D0E203728BCD}.Debug|Any CPU.Build.0 = Debug|Any CPU
		{F1570790-D60F-4811-A68A-D0E203728BCD}.Release|Any CPU.ActiveCfg = Release|Any CPU
		{F1570790-D60F-4811-A68A-D0E203728BCD}.Release|Any CPU.Build.0 = Release|Any CPU
		{47E05052-9C43-4CA0-B217-9DC7AD5AD41F}.Debug|Any CPU.ActiveCfg = Debug|Any CPU
		{47E05052-9C43-4CA0-B217-9DC7AD5AD41F}.Debug|Any CPU.Build.0 = Debug|Any CPU
		{47E05052-9C43-4CA0-B217-9DC7AD5AD41F}.Release|Any CPU.ActiveCfg = Release|Any CPU
		{47E05052-9C43-4CA0-B217-9DC7AD5AD41F}.Release|Any CPU.Build.0 = Release|Any CPU
		{7ED499D4-6F53-41AD-8E4E-42F484C81E52}.Debug|Any CPU.ActiveCfg = Debug|Any CPU
		{7ED499D4-6F53-41AD-8E4E-42F484C81E52}.Debug|Any CPU.Build.0 = Debug|Any CPU
		{7ED499D4-6F53-41AD-8E4E-42F484C81E52}.Release|Any CPU.ActiveCfg = Release|Any CPU
		{7ED499D4-6F53-41AD-8E4E-42F484C81E52}.Release|Any CPU.Build.0 = Release|Any CPU
		{6208E7CE-BC52-4805-B46D-14D4610BA9E7}.Debug|Any CPU.ActiveCfg = Debug|Any CPU
		{6208E7CE-BC52-4805-B46D-14D4610BA9E7}.Debug|Any CPU.Build.0 = Debug|Any CPU
		{6208E7CE-BC52-4805-B46D-14D4610BA9E7}.Release|Any CPU.ActiveCfg = Release|Any CPU
		{6208E7CE-BC52-4805-B46D-14D4610BA9E7}.Release|Any CPU.Build.0 = Release|Any CPU
		{7B4D9BCC-F33A-41C3-BA08-0D4E96D36D1B}.Debug|Any CPU.ActiveCfg = Debug|Any CPU
		{7B4D9BCC-F33A-41C3-BA08-0D4E96D36D1B}.Debug|Any CPU.Build.0 = Debug|Any CPU
		{7B4D9BCC-F33A-41C3-BA08-0D4E96D36D1B}.Release|Any CPU.ActiveCfg = Release|Any CPU
		{7B4D9BCC-F33A-41C3-BA08-0D4E96D36D1B}.Release|Any CPU.Build.0 = Release|Any CPU
		{11F7A598-F507-482E-B20A-00C9355968CA}.Debug|Any CPU.ActiveCfg = Debug|Any CPU
		{11F7A598-F507-482E-B20A-00C9355968CA}.Debug|Any CPU.Build.0 = Debug|Any CPU
		{11F7A598-F507-482E-B20A-00C9355968CA}.Release|Any CPU.ActiveCfg = Release|Any CPU
		{11F7A598-F507-482E-B20A-00C9355968CA}.Release|Any CPU.Build.0 = Release|Any CPU
		{7EA67CD3-ED3E-4F9F-A5BB-655A5D37E476}.Debug|Any CPU.ActiveCfg = Debug|Any CPU
		{7EA67CD3-ED3E-4F9F-A5BB-655A5D37E476}.Debug|Any CPU.Build.0 = Debug|Any CPU
		{7EA67CD3-ED3E-4F9F-A5BB-655A5D37E476}.Release|Any CPU.ActiveCfg = Release|Any CPU
		{7EA67CD3-ED3E-4F9F-A5BB-655A5D37E476}.Release|Any CPU.Build.0 = Release|Any CPU
		{5E7A4DED-C582-4C9D-9830-C7098808736A}.Debug|Any CPU.ActiveCfg = Debug|Any CPU
		{5E7A4DED-C582-4C9D-9830-C7098808736A}.Debug|Any CPU.Build.0 = Debug|Any CPU
		{5E7A4DED-C582-4C9D-9830-C7098808736A}.Release|Any CPU.ActiveCfg = Release|Any CPU
		{5E7A4DED-C582-4C9D-9830-C7098808736A}.Release|Any CPU.Build.0 = Release|Any CPU
		{7091C755-C538-4CD6-B0E5-85933E52D586}.Debug|Any CPU.ActiveCfg = Debug|Any CPU
		{7091C755-C538-4CD6-B0E5-85933E52D586}.Debug|Any CPU.Build.0 = Debug|Any CPU
		{7091C755-C538-4CD6-B0E5-85933E52D586}.Release|Any CPU.ActiveCfg = Release|Any CPU
		{7091C755-C538-4CD6-B0E5-85933E52D586}.Release|Any CPU.Build.0 = Release|Any CPU
		{D882DF9B-D4BD-4013-BC0E-57FCD95FFD72}.Debug|Any CPU.ActiveCfg = Debug|Any CPU
		{D882DF9B-D4BD-4013-BC0E-57FCD95FFD72}.Debug|Any CPU.Build.0 = Debug|Any CPU
		{D882DF9B-D4BD-4013-BC0E-57FCD95FFD72}.Release|Any CPU.ActiveCfg = Release|Any CPU
		{D882DF9B-D4BD-4013-BC0E-57FCD95FFD72}.Release|Any CPU.Build.0 = Release|Any CPU
		{56F07329-4CD7-49A1-920C-53C0DD26FACC}.Debug|Any CPU.ActiveCfg = Debug|Any CPU
		{56F07329-4CD7-49A1-920C-53C0DD26FACC}.Debug|Any CPU.Build.0 = Debug|Any CPU
		{56F07329-4CD7-49A1-920C-53C0DD26FACC}.Release|Any CPU.ActiveCfg = Release|Any CPU
		{56F07329-4CD7-49A1-920C-53C0DD26FACC}.Release|Any CPU.Build.0 = Release|Any CPU
		{4E372FDA-F965-4E4B-BD40-A7CAA4DC70A3}.Debug|Any CPU.ActiveCfg = Debug|Any CPU
		{4E372FDA-F965-4E4B-BD40-A7CAA4DC70A3}.Debug|Any CPU.Build.0 = Debug|Any CPU
		{4E372FDA-F965-4E4B-BD40-A7CAA4DC70A3}.Release|Any CPU.ActiveCfg = Release|Any CPU
		{4E372FDA-F965-4E4B-BD40-A7CAA4DC70A3}.Release|Any CPU.Build.0 = Release|Any CPU
	EndGlobalSection
	GlobalSection(SolutionProperties) = preSolution
		HideSolutionNode = FALSE
	EndGlobalSection
	GlobalSection(NestedProjects) = preSolution
		{BB962550-4A5C-422B-AE42-649D2401B325} = {B6D4AE66-37FA-44F5-836D-3FC5455454FC}
		{C4787FF6-D6E5-48AC-9301-480F75B4456B} = {B6D4AE66-37FA-44F5-836D-3FC5455454FC}
		{0BFCD6CD-564F-4791-B9B5-F2927DCD0822} = {B6D4AE66-37FA-44F5-836D-3FC5455454FC}
		{42BF0236-E9A1-46BD-8665-FEB5E90FF451} = {B6D4AE66-37FA-44F5-836D-3FC5455454FC}
		{4F6979D9-47F5-4EE8-8CA2-443F3E27C17E} = {B6D4AE66-37FA-44F5-836D-3FC5455454FC}
		{019BCD3B-B9B3-4464-85E8-D6D08F22B7D3} = {B6D4AE66-37FA-44F5-836D-3FC5455454FC}
		{43DA4AF9-EC16-4E73-98D2-D929543A85DA} = {B6D4AE66-37FA-44F5-836D-3FC5455454FC}
		{F48CAD82-8141-491F-B783-987DD0CDE797} = {B6D4AE66-37FA-44F5-836D-3FC5455454FC}
		{A9AD88DE-060D-4CCA-A66F-0121C05831EB} = {B559203E-D5AB-4748-BA40-9842842B620D}
		{CF012047-B204-471F-81C4-4D4FDD273D3C} = {A9AD88DE-060D-4CCA-A66F-0121C05831EB}
		{CCE32DA3-3C2C-4236-9268-73AF1E6C80DE} = {4885C630-FB44-432B-91A7-C771ADE882B6}
		{D16B1DEA-8E0D-4C90-A3D5-583E588609E1} = {4885C630-FB44-432B-91A7-C771ADE882B6}
		{9DF5283D-2DD9-481C-A888-BDF280452EA2} = {C4787FF6-D6E5-48AC-9301-480F75B4456B}
		{041EFCE0-DEC0-49F4-84DF-6AFC4253B87E} = {C4787FF6-D6E5-48AC-9301-480F75B4456B}
		{59AB7AF8-10C5-4E13-9D00-2BA5537CC871} = {981A7C0D-AEA0-40D2-8B0C-50383A81ED6B}
		{C25CAED9-1D60-48CB-A4FE-05307AD412AA} = {981A7C0D-AEA0-40D2-8B0C-50383A81ED6B}
		{10B87E08-8CDF-4E1E-B787-16460B7368B4} = {87E1141B-0525-4679-8304-55611EF64701}
		{38AC0C5A-3258-451A-B119-C91BD13C3D43} = {87E1141B-0525-4679-8304-55611EF64701}
		{1AE4A0C1-3AB3-467D-A6DC-77BC071C3705} = {4BA54017-EA66-4DBB-AE05-C547ED960896}
		{9453740D-9FD4-43DD-BF70-AF16CA0EB34A} = {F48CAD82-8141-491F-B783-987DD0CDE797}
		{9DDE957B-422E-4246-873A-23BFB6FBAC24} = {43DA4AF9-EC16-4E73-98D2-D929543A85DA}
		{7F38AF6A-4631-4966-8916-C205B4F36085} = {019BCD3B-B9B3-4464-85E8-D6D08F22B7D3}
		{1DC766AF-EA6B-4C04-A7DB-13F072043788} = {4F6979D9-47F5-4EE8-8CA2-443F3E27C17E}
		{1417BBCD-5189-46F4-89D5-5A68FF35F619} = {42BF0236-E9A1-46BD-8665-FEB5E90FF451}
		{0F632098-6F37-4780-9444-00DE822F9941} = {0BFCD6CD-564F-4791-B9B5-F2927DCD0822}
		{F1570790-D60F-4811-A68A-D0E203728BCD} = {041EFCE0-DEC0-49F4-84DF-6AFC4253B87E}
		{47E05052-9C43-4CA0-B217-9DC7AD5AD41F} = {9DF5283D-2DD9-481C-A888-BDF280452EA2}
		{7ED499D4-6F53-41AD-8E4E-42F484C81E52} = {BB962550-4A5C-422B-AE42-649D2401B325}
		{6208E7CE-BC52-4805-B46D-14D4610BA9E7} = {3B5C8694-E951-4472-9C5F-9098F7806EF9}
		{7B4D9BCC-F33A-41C3-BA08-0D4E96D36D1B} = {804B7053-700C-4B53-B533-A2E063B43520}
		{11F7A598-F507-482E-B20A-00C9355968CA} = {9DF5283D-2DD9-481C-A888-BDF280452EA2}
		{7EA67CD3-ED3E-4F9F-A5BB-655A5D37E476} = {1AE4A0C1-3AB3-467D-A6DC-77BC071C3705}
		{5E7A4DED-C582-4C9D-9830-C7098808736A} = {1AE4A0C1-3AB3-467D-A6DC-77BC071C3705}
		{7091C755-C538-4CD6-B0E5-85933E52D586} = {CCE32DA3-3C2C-4236-9268-73AF1E6C80DE}
		{D882DF9B-D4BD-4013-BC0E-57FCD95FFD72} = {D16B1DEA-8E0D-4C90-A3D5-583E588609E1}
		{56F07329-4CD7-49A1-920C-53C0DD26FACC} = {10B87E08-8CDF-4E1E-B787-16460B7368B4}
		{4E372FDA-F965-4E4B-BD40-A7CAA4DC70A3} = {C3A7285B-FE2B-4F38-B718-5C3A366DEC1F}
	EndGlobalSection
EndGlobal
